%{"cberl": {:git, "git://github.com/chitika/cberl.git", "cb850db5613be7a353e886d8d077b42557d061ec", []},
  "cowboy": {:hex, :cowboy, "1.0.0"},
  "cowlib": {:hex, :cowlib, "1.0.1"},
  "jiffy": {:git, "git://github.com/davisp/jiffy.git", "137d3d94b6ee10001d761d412cbbe7f665680c98", [branch: "master"]},
  "plug": {:hex, :plug, "0.8.4"},
  "poison": {:hex, :poison, "1.2.1"},
  "poolboy": {:git, "git://github.com/devinus/poolboy.git", "96d20256e1eba3cc915fde2a3a9f2483bb08bd87", [branch: "master"]},
  "ranch": {:hex, :ranch, "1.0.0"}}
